// !$*UTF8*$!
{
	archiveVersion = 1;
	classes = {
	};
	objectVersion = 46;
	objects = {

/* Begin PBXBuildFile section */
		830D59DA1D23260800DFECC6 /* AAPLAppDelegate.m in Sources */ = {isa = PBXBuildFile; fileRef = 830D59D71D23260800DFECC6 /* AAPLAppDelegate.m */; };
		830D59DB1D23260800DFECC6 /* AAPLAppDelegate.m in Sources */ = {isa = PBXBuildFile; fileRef = 830D59D71D23260800DFECC6 /* AAPLAppDelegate.m */; };
		830D59DC1D23260800DFECC6 /* AAPLAppDelegate.m in Sources */ = {isa = PBXBuildFile; fileRef = 830D59D71D23260800DFECC6 /* AAPLAppDelegate.m */; };
		837ACE6C1D2D82B1003D4049 /* Assets.xcassets in Resources */ = {isa = PBXBuildFile; fileRef = 837ACE6B1D2D82B1003D4049 /* Assets.xcassets */; };
		837ACE6D1D2D82B1003D4049 /* Assets.xcassets in Resources */ = {isa = PBXBuildFile; fileRef = 837ACE6B1D2D82B1003D4049 /* Assets.xcassets */; };
		837ACE6E1D2D82B1003D4049 /* Assets.xcassets in Resources */ = {isa = PBXBuildFile; fileRef = 837ACE6B1D2D82B1003D4049 /* Assets.xcassets */; };
		83B579741C725969006BC688 /* AAPLRenderer.m in Sources */ = {isa = PBXBuildFile; fileRef = 83B579731C725969006BC688 /* AAPLRenderer.m */; };
		83B579751C725969006BC688 /* AAPLRenderer.m in Sources */ = {isa = PBXBuildFile; fileRef = 83B579731C725969006BC688 /* AAPLRenderer.m */; };
		83B579761C725969006BC688 /* AAPLRenderer.m in Sources */ = {isa = PBXBuildFile; fileRef = 83B579731C725969006BC688 /* AAPLRenderer.m */; };
		83C74A7C1C62AE420088FED5 /* main.m in Sources */ = {isa = PBXBuildFile; fileRef = 83C74A781C62AE420088FED5 /* main.m */; };
		83C74A821C62AE850088FED5 /* Main.storyboard in Resources */ = {isa = PBXBuildFile; fileRef = 83C74A7F1C62AE850088FED5 /* Main.storyboard */; };
		83C74A8F1C62AF1A0088FED5 /* AAPLViewController.m in Sources */ = {isa = PBXBuildFile; fileRef = 83C74A881C62AF1A0088FED5 /* AAPLViewController.m */; };
		83C74A901C62AF1A0088FED5 /* AAPLViewController.m in Sources */ = {isa = PBXBuildFile; fileRef = 83C74A881C62AF1A0088FED5 /* AAPLViewController.m */; };
		83C74A931C62AF1A0088FED5 /* Shaders.metal in Sources */ = {isa = PBXBuildFile; fileRef = 83C74A8A1C62AF1A0088FED5 /* Shaders.metal */; };
		83C74A941C62AF1A0088FED5 /* Shaders.metal in Sources */ = {isa = PBXBuildFile; fileRef = 83C74A8A1C62AF1A0088FED5 /* Shaders.metal */; };
		83C74A9D1C62AF420088FED5 /* main.m in Sources */ = {isa = PBXBuildFile; fileRef = 83C74A991C62AF420088FED5 /* main.m */; };
		83C74ABB1C62D04A0088FED5 /* AAPLViewController.m in Sources */ = {isa = PBXBuildFile; fileRef = 83C74A881C62AF1A0088FED5 /* AAPLViewController.m */; };
		83C74ABC1C62D04A0088FED5 /* Shaders.metal in Sources */ = {isa = PBXBuildFile; fileRef = 83C74A8A1C62AF1A0088FED5 /* Shaders.metal */; };
		83C74ABF1C62D59F0088FED5 /* main.m in Sources */ = {isa = PBXBuildFile; fileRef = 83C74A781C62AE420088FED5 /* main.m */; };
		83C74AC41C62D7830088FED5 /* MainMenu.xib in Resources */ = {isa = PBXBuildFile; fileRef = 83C74AC21C62D7830088FED5 /* MainMenu.xib */; };
		83C7D5371D1DE6C600F4457A /* LaunchScreen.storyboard in Resources */ = {isa = PBXBuildFile; fileRef = 83C7D5351D1DE6C600F4457A /* LaunchScreen.storyboard */; };
		83DD4D7E1C63D66B00A48BA2 /* Main.storyboard in Resources */ = {isa = PBXBuildFile; fileRef = 83DD4D7A1C63D66B00A48BA2 /* Main.storyboard */; };
/* End PBXBuildFile section */

/* Begin PBXFileReference section */
		830CF88A1C470C970029F1FA /* MetalGameOfLife iOS.app */ = {isa = PBXFileReference; explicitFileType = wrapper.application; includeInIndex = 0; path = "MetalGameOfLife iOS.app"; sourceTree = BUILT_PRODUCTS_DIR; };
		830D59D61D23260800DFECC6 /* AAPLAppDelegate.h */ = {isa = PBXFileReference; fileEncoding = 4; lastKnownFileType = sourcecode.c.h; name = AAPLAppDelegate.h; path = Common/AAPLAppDelegate.h; sourceTree = SOURCE_ROOT; };
		830D59D71D23260800DFECC6 /* AAPLAppDelegate.m */ = {isa = PBXFileReference; fileEncoding = 4; lastKnownFileType = sourcecode.c.objc; name = AAPLAppDelegate.m; path = Common/AAPLAppDelegate.m; sourceTree = SOURCE_ROOT; };
		837ACE6B1D2D82B1003D4049 /* Assets.xcassets */ = {isa = PBXFileReference; lastKnownFileType = folder.assetcatalog; path = Assets.xcassets; sourceTree = SOURCE_ROOT; };
		8397339A1C46DDE4000E29E1 /* MetalGameOfLife OSX.app */ = {isa = PBXFileReference; explicitFileType = wrapper.application; includeInIndex = 0; path = "MetalGameOfLife OSX.app"; sourceTree = BUILT_PRODUCTS_DIR; };
		83B579721C725969006BC688 /* AAPLRenderer.h */ = {isa = PBXFileReference; fileEncoding = 4; lastKnownFileType = sourcecode.c.h; name = AAPLRenderer.h; path = Common/AAPLRenderer.h; sourceTree = SOURCE_ROOT; };
		83B579731C725969006BC688 /* AAPLRenderer.m */ = {isa = PBXFileReference; fileEncoding = 4; lastKnownFileType = sourcecode.c.objc; name = AAPLRenderer.m; path = Common/AAPLRenderer.m; sourceTree = SOURCE_ROOT; };
		83C74A771C62AE420088FED5 /* Info.plist */ = {isa = PBXFileReference; fileEncoding = 4; lastKnownFileType = text.plist.xml; name = Info.plist; path = iOS/Info.plist; sourceTree = SOURCE_ROOT; };
		83C74A781C62AE420088FED5 /* main.m */ = {isa = PBXFileReference; fileEncoding = 4; lastKnownFileType = sourcecode.c.objc; name = main.m; path = iOS/main.m; sourceTree = SOURCE_ROOT; };
		83C74A801C62AE850088FED5 /* Base */ = {isa = PBXFileReference; lastKnownFileType = file.storyboard; name = Base; path = iOS/Base.lproj/Main.storyboard; sourceTree = SOURCE_ROOT; };
		83C74A871C62AF1A0088FED5 /* AAPLViewController.h */ = {isa = PBXFileReference; fileEncoding = 4; lastKnownFileType = sourcecode.c.h; name = AAPLViewController.h; path = Common/AAPLViewController.h; sourceTree = SOURCE_ROOT; };
		83C74A881C62AF1A0088FED5 /* AAPLViewController.m */ = {isa = PBXFileReference; fileEncoding = 4; lastKnownFileType = sourcecode.c.objc; name = AAPLViewController.m; path = Common/AAPLViewController.m; sourceTree = SOURCE_ROOT; };
		83C74A8A1C62AF1A0088FED5 /* Shaders.metal */ = {isa = PBXFileReference; fileEncoding = 4; lastKnownFileType = sourcecode.metal; name = Shaders.metal; path = Common/Shaders.metal; sourceTree = SOURCE_ROOT; };
		83C74A981C62AF420088FED5 /* Info.plist */ = {isa = PBXFileReference; fileEncoding = 4; lastKnownFileType = text.plist.xml; name = Info.plist; path = "OS X/Info.plist"; sourceTree = "<group>"; };
		83C74A991C62AF420088FED5 /* main.m */ = {isa = PBXFileReference; fileEncoding = 4; lastKnownFileType = sourcecode.c.objc; name = main.m; path = "OS X/main.m"; sourceTree = "<group>"; };
		83C74AA21C62CFA90088FED5 /* MetalGameOfLife tvOS.app */ = {isa = PBXFileReference; explicitFileType = wrapper.application; includeInIndex = 0; path = "MetalGameOfLife tvOS.app"; sourceTree = BUILT_PRODUCTS_DIR; };
		83C74AC31C62D7830088FED5 /* Base */ = {isa = PBXFileReference; lastKnownFileType = file.xib; name = Base; path = "OS X/Base.lproj/MainMenu.xib"; sourceTree = "<group>"; };
		83C7D5361D1DE6C600F4457A /* Base */ = {isa = PBXFileReference; lastKnownFileType = file.storyboard; name = Base; path = iOS/Base.lproj/LaunchScreen.storyboard; sourceTree = SOURCE_ROOT; };
		83DD4D7B1C63D66B00A48BA2 /* Base */ = {isa = PBXFileReference; lastKnownFileType = file.storyboard; name = Base; path = tvOS/Base.lproj/Main.storyboard; sourceTree = SOURCE_ROOT; };
		83DD4D7C1C63D66B00A48BA2 /* Info.plist */ = {isa = PBXFileReference; fileEncoding = 4; lastKnownFileType = text.plist.xml; name = Info.plist; path = tvOS/Info.plist; sourceTree = SOURCE_ROOT; };
		B51D2CE91D22C95600C55B80 /* README.md */ = {isa = PBXFileReference; lastKnownFileType = net.daringfireball.markdown; path = README.md; sourceTree = "<group>"; };
/* End PBXFileReference section */

/* Begin PBXFrameworksBuildPhase section */
		830CF8871C470C970029F1FA /* Frameworks */ = {
			isa = PBXFrameworksBuildPhase;
			buildActionMask = 2147483647;
			files = (
			);
			runOnlyForDeploymentPostprocessing = 0;
		};
		839733971C46DDE4000E29E1 /* Frameworks */ = {
			isa = PBXFrameworksBuildPhase;
			buildActionMask = 2147483647;
			files = (
			);
			runOnlyForDeploymentPostprocessing = 0;
		};
		83C74A9F1C62CFA90088FED5 /* Frameworks */ = {
			isa = PBXFrameworksBuildPhase;
			buildActionMask = 2147483647;
			files = (
			);
			runOnlyForDeploymentPostprocessing = 0;
		};
/* End PBXFrameworksBuildPhase section */

/* Begin PBXGroup section */
		830CF88B1C470C970029F1FA /* iOS */ = {
			isa = PBXGroup;
			children = (
				83C7D5351D1DE6C600F4457A /* LaunchScreen.storyboard */,
				83C74A7F1C62AE850088FED5 /* Main.storyboard */,
				83C74A771C62AE420088FED5 /* Info.plist */,
				83C74A781C62AE420088FED5 /* main.m */,
			);
			name = iOS;
			path = "MetalGameOfLife iOS";
			sourceTree = "<group>";
		};
		8394E9231C470FFB001CCB2F /* OS X */ = {
			isa = PBXGroup;
			children = (
				83C74A981C62AF420088FED5 /* Info.plist */,
				83C74A991C62AF420088FED5 /* main.m */,
				83C74AC21C62D7830088FED5 /* MainMenu.xib */,
			);
			name = "OS X";
			sourceTree = "<group>";
		};
		839733911C46DDE4000E29E1 = {
			isa = PBXGroup;
			children = (
				B51D2CE91D22C95600C55B80 /* README.md */,
				8397339C1C46DDE4000E29E1 /* Common */,
				8394E9231C470FFB001CCB2F /* OS X */,
				830CF88B1C470C970029F1FA /* iOS */,
				83C74AA31C62CFA90088FED5 /* tvOS */,
				8397339B1C46DDE4000E29E1 /* Products */,
			);
			sourceTree = "<group>";
		};
		8397339B1C46DDE4000E29E1 /* Products */ = {
			isa = PBXGroup;
			children = (
				8397339A1C46DDE4000E29E1 /* MetalGameOfLife OSX.app */,
				830CF88A1C470C970029F1FA /* MetalGameOfLife iOS.app */,
				83C74AA21C62CFA90088FED5 /* MetalGameOfLife tvOS.app */,
			);
			name = Products;
			sourceTree = "<group>";
		};
		8397339C1C46DDE4000E29E1 /* Common */ = {
			isa = PBXGroup;
			children = (
				830D59D61D23260800DFECC6 /* AAPLAppDelegate.h */,
				830D59D71D23260800DFECC6 /* AAPLAppDelegate.m */,
				83B579721C725969006BC688 /* AAPLRenderer.h */,
				83B579731C725969006BC688 /* AAPLRenderer.m */,
				83C74A871C62AF1A0088FED5 /* AAPLViewController.h */,
				83C74A881C62AF1A0088FED5 /* AAPLViewController.m */,
				83C74A8A1C62AF1A0088FED5 /* Shaders.metal */,
				837ACE6B1D2D82B1003D4049 /* Assets.xcassets */,
			);
			name = Common;
			path = MetalGameOfLife;
			sourceTree = "<group>";
		};
		83C74AA31C62CFA90088FED5 /* tvOS */ = {
			isa = PBXGroup;
			children = (
				83DD4D7A1C63D66B00A48BA2 /* Main.storyboard */,
				83DD4D7C1C63D66B00A48BA2 /* Info.plist */,
			);
			name = tvOS;
			path = "MetalGameOfLife-tvOS";
			sourceTree = "<group>";
		};
/* End PBXGroup section */

/* Begin PBXNativeTarget section */
		830CF8891C470C970029F1FA /* MetalGameOfLife iOS */ = {
			isa = PBXNativeTarget;
			buildConfigurationList = 830CF8A01C470C970029F1FA /* Build configuration list for PBXNativeTarget "MetalGameOfLife iOS" */;
			buildPhases = (
				830CF8861C470C970029F1FA /* Sources */,
				830CF8871C470C970029F1FA /* Frameworks */,
				830CF8881C470C970029F1FA /* Resources */,
			);
			buildRules = (
			);
			dependencies = (
			);
			name = "MetalGameOfLife iOS";
			productName = "MetalGameOfLife iOS";
			productReference = 830CF88A1C470C970029F1FA /* MetalGameOfLife iOS.app */;
			productType = "com.apple.product-type.application";
		};
		839733991C46DDE4000E29E1 /* MetalGameOfLife OSX */ = {
			isa = PBXNativeTarget;
			buildConfigurationList = 839733B11C46DDE5000E29E1 /* Build configuration list for PBXNativeTarget "MetalGameOfLife OSX" */;
			buildPhases = (
				839733961C46DDE4000E29E1 /* Sources */,
				839733971C46DDE4000E29E1 /* Frameworks */,
				839733981C46DDE4000E29E1 /* Resources */,
			);
			buildRules = (
			);
			dependencies = (
			);
			name = "MetalGameOfLife OSX";
			productName = MetalGameOfLife;
			productReference = 8397339A1C46DDE4000E29E1 /* MetalGameOfLife OSX.app */;
			productType = "com.apple.product-type.application";
		};
		83C74AA11C62CFA90088FED5 /* MetalGameOfLife tvOS */ = {
			isa = PBXNativeTarget;
			buildConfigurationList = 83C74AB81C62CFA90088FED5 /* Build configuration list for PBXNativeTarget "MetalGameOfLife tvOS" */;
			buildPhases = (
				83C74A9E1C62CFA90088FED5 /* Sources */,
				83C74A9F1C62CFA90088FED5 /* Frameworks */,
				83C74AA01C62CFA90088FED5 /* Resources */,
			);
			buildRules = (
			);
			dependencies = (
			);
			name = "MetalGameOfLife tvOS";
			productName = "MetalGameOfLife-tvOS";
			productReference = 83C74AA21C62CFA90088FED5 /* MetalGameOfLife tvOS.app */;
			productType = "com.apple.product-type.application";
		};
/* End PBXNativeTarget section */

/* Begin PBXProject section */
		839733921C46DDE4000E29E1 /* Project object */ = {
			isa = PBXProject;
			attributes = {
				LastUpgradeCheck = 0800;
				ORGANIZATIONNAME = "Apple, Inc.";
				TargetAttributes = {
					830CF8891C470C970029F1FA = {
						CreatedOnToolsVersion = 7.3;
						DevelopmentTeam = 3RCW2SSL8G;
						ProvisioningStyle = Automatic;
					};
					839733991C46DDE4000E29E1 = {
						CreatedOnToolsVersion = 7.2;
						DevelopmentTeam = 3RCW2SSL8G;
						ProvisioningStyle = Automatic;
					};
					83C74AA11C62CFA90088FED5 = {
						CreatedOnToolsVersion = 7.2.1;
						ProvisioningStyle = Automatic;
					};
				};
			};
			buildConfigurationList = 839733951C46DDE4000E29E1 /* Build configuration list for PBXProject "MetalGameOfLife" */;
			compatibilityVersion = "Xcode 3.2";
			developmentRegion = English;
			hasScannedForEncodings = 0;
			knownRegions = (
				en,
				Base,
			);
			mainGroup = 839733911C46DDE4000E29E1;
			productRefGroup = 8397339B1C46DDE4000E29E1 /* Products */;
			projectDirPath = "";
			projectRoot = "";
			targets = (
				839733991C46DDE4000E29E1 /* MetalGameOfLife OSX */,
				830CF8891C470C970029F1FA /* MetalGameOfLife iOS */,
				83C74AA11C62CFA90088FED5 /* MetalGameOfLife tvOS */,
			);
		};
/* End PBXProject section */

/* Begin PBXResourcesBuildPhase section */
		830CF8881C470C970029F1FA /* Resources */ = {
			isa = PBXResourcesBuildPhase;
			buildActionMask = 2147483647;
			files = (
				83C7D5371D1DE6C600F4457A /* LaunchScreen.storyboard in Resources */,
				83C74A821C62AE850088FED5 /* Main.storyboard in Resources */,
				837ACE6D1D2D82B1003D4049 /* Assets.xcassets in Resources */,
			);
			runOnlyForDeploymentPostprocessing = 0;
		};
		839733981C46DDE4000E29E1 /* Resources */ = {
			isa = PBXResourcesBuildPhase;
			buildActionMask = 2147483647;
			files = (
				837ACE6C1D2D82B1003D4049 /* Assets.xcassets in Resources */,
				83C74AC41C62D7830088FED5 /* MainMenu.xib in Resources */,
			);
			runOnlyForDeploymentPostprocessing = 0;
		};
		83C74AA01C62CFA90088FED5 /* Resources */ = {
			isa = PBXResourcesBuildPhase;
			buildActionMask = 2147483647;
			files = (
				83DD4D7E1C63D66B00A48BA2 /* Main.storyboard in Resources */,
				837ACE6E1D2D82B1003D4049 /* Assets.xcassets in Resources */,
			);
			runOnlyForDeploymentPostprocessing = 0;
		};
/* End PBXResourcesBuildPhase section */

/* Begin PBXSourcesBuildPhase section */
		830CF8861C470C970029F1FA /* Sources */ = {
			isa = PBXSourcesBuildPhase;
			buildActionMask = 2147483647;
			files = (
				83C74A941C62AF1A0088FED5 /* Shaders.metal in Sources */,
				83C74A901C62AF1A0088FED5 /* AAPLViewController.m in Sources */,
				83C74A7C1C62AE420088FED5 /* main.m in Sources */,
				83B579751C725969006BC688 /* AAPLRenderer.m in Sources */,
				830D59DB1D23260800DFECC6 /* AAPLAppDelegate.m in Sources */,
			);
			runOnlyForDeploymentPostprocessing = 0;
		};
		839733961C46DDE4000E29E1 /* Sources */ = {
			isa = PBXSourcesBuildPhase;
			buildActionMask = 2147483647;
			files = (
				83C74A931C62AF1A0088FED5 /* Shaders.metal in Sources */,
				83C74A8F1C62AF1A0088FED5 /* AAPLViewController.m in Sources */,
				83C74A9D1C62AF420088FED5 /* main.m in Sources */,
				83B579741C725969006BC688 /* AAPLRenderer.m in Sources */,
				830D59DA1D23260800DFECC6 /* AAPLAppDelegate.m in Sources */,
			);
			runOnlyForDeploymentPostprocessing = 0;
		};
		83C74A9E1C62CFA90088FED5 /* Sources */ = {
			isa = PBXSourcesBuildPhase;
			buildActionMask = 2147483647;
			files = (
				83C74ABF1C62D59F0088FED5 /* main.m in Sources */,
				83C74ABB1C62D04A0088FED5 /* AAPLViewController.m in Sources */,
				83C74ABC1C62D04A0088FED5 /* Shaders.metal in Sources */,
				83B579761C725969006BC688 /* AAPLRenderer.m in Sources */,
				830D59DC1D23260800DFECC6 /* AAPLAppDelegate.m in Sources */,
			);
			runOnlyForDeploymentPostprocessing = 0;
		};
/* End PBXSourcesBuildPhase section */

/* Begin PBXVariantGroup section */
		83C74A7F1C62AE850088FED5 /* Main.storyboard */ = {
			isa = PBXVariantGroup;
			children = (
				83C74A801C62AE850088FED5 /* Base */,
			);
			name = Main.storyboard;
			sourceTree = "<group>";
		};
		83C74AC21C62D7830088FED5 /* MainMenu.xib */ = {
			isa = PBXVariantGroup;
			children = (
				83C74AC31C62D7830088FED5 /* Base */,
			);
			name = MainMenu.xib;
			sourceTree = "<group>";
		};
		83C7D5351D1DE6C600F4457A /* LaunchScreen.storyboard */ = {
			isa = PBXVariantGroup;
			children = (
				83C7D5361D1DE6C600F4457A /* Base */,
			);
			name = LaunchScreen.storyboard;
			sourceTree = "<group>";
		};
		83DD4D7A1C63D66B00A48BA2 /* Main.storyboard */ = {
			isa = PBXVariantGroup;
			children = (
				83DD4D7B1C63D66B00A48BA2 /* Base */,
			);
			name = Main.storyboard;
			sourceTree = "<group>";
		};
/* End PBXVariantGroup section */

/* Begin XCBuildConfiguration section */
		830CF89E1C470C970029F1FA /* Debug */ = {
			isa = XCBuildConfiguration;
			buildSettings = {
				CODE_SIGN_IDENTITY = "iPhone Developer";
				"CODE_SIGN_IDENTITY[sdk=iphoneos*]" = "iPhone Developer";
				DEBUG_INFORMATION_FORMAT = dwarf;
				DEVELOPMENT_TEAM = 3RCW2SSL8G;
				INFOPLIST_FILE = "$(SRCROOT)/iOS/Info.plist";
				IPHONEOS_DEPLOYMENT_TARGET = 9.0;
				LD_RUNPATH_SEARCH_PATHS = "$(inherited) @executable_path/Frameworks";
				PRODUCT_BUNDLE_IDENTIFIER = "com.example.apple-samplecode.MetalGameOfLife";
				PRODUCT_NAME = "$(TARGET_NAME)";
				PROVISIONING_PROFILE = "";
				SDKROOT = iphoneos;
				TARGETED_DEVICE_FAMILY = "1,2";
			};
			name = Debug;
		};
		830CF89F1C470C970029F1FA /* Release */ = {
			isa = XCBuildConfiguration;
			buildSettings = {
				CODE_SIGN_IDENTITY = "iPhone Developer";
				"CODE_SIGN_IDENTITY[sdk=iphoneos*]" = "iPhone Developer";
				DEVELOPMENT_TEAM = 3RCW2SSL8G;
				INFOPLIST_FILE = "$(SRCROOT)/iOS/Info.plist";
				IPHONEOS_DEPLOYMENT_TARGET = 9.0;
				LD_RUNPATH_SEARCH_PATHS = "$(inherited) @executable_path/Frameworks";
				PRODUCT_BUNDLE_IDENTIFIER = "com.example.apple-samplecode.MetalGameOfLife";
				PRODUCT_NAME = "$(TARGET_NAME)";
				PROVISIONING_PROFILE = "";
				SDKROOT = iphoneos;
				TARGETED_DEVICE_FAMILY = "1,2";
				VALIDATE_PRODUCT = YES;
			};
			name = Release;
		};
		839733AF1C46DDE5000E29E1 /* Debug */ = {
			isa = XCBuildConfiguration;
			buildSettings = {
				ALWAYS_SEARCH_USER_PATHS = NO;
				CLANG_CXX_LANGUAGE_STANDARD = "gnu++0x";
				CLANG_CXX_LIBRARY = "libc++";
				CLANG_ENABLE_MODULES = YES;
				CLANG_ENABLE_OBJC_ARC = YES;
				CLANG_WARN_BOOL_CONVERSION = YES;
				CLANG_WARN_CONSTANT_CONVERSION = YES;
				CLANG_WARN_DIRECT_OBJC_ISA_USAGE = YES_ERROR;
				CLANG_WARN_EMPTY_BODY = YES;
				CLANG_WARN_ENUM_CONVERSION = YES;
				CLANG_WARN_INFINITE_RECURSION = YES;
				CLANG_WARN_INT_CONVERSION = YES;
				CLANG_WARN_OBJC_ROOT_CLASS = YES_ERROR;
				CLANG_WARN_SUSPICIOUS_MOVE = YES;
				CLANG_WARN_UNREACHABLE_CODE = YES;
				CLANG_WARN__DUPLICATE_METHOD_MATCH = YES;
				CODE_SIGN_IDENTITY = "-";
				COPY_PHASE_STRIP = NO;
				DEBUG_INFORMATION_FORMAT = "dwarf-with-dsym";
				ENABLE_STRICT_OBJC_MSGSEND = YES;
				ENABLE_TESTABILITY = YES;
				GCC_C_LANGUAGE_STANDARD = gnu99;
				GCC_DYNAMIC_NO_PIC = NO;
				GCC_NO_COMMON_BLOCKS = YES;
				GCC_OPTIMIZATION_LEVEL = 0;
				GCC_PREPROCESSOR_DEFINITIONS = (
					"DEBUG=1",
					"$(inherited)",
				);
				GCC_WARN_64_TO_32_BIT_CONVERSION = YES;
				GCC_WARN_ABOUT_RETURN_TYPE = YES_ERROR;
				GCC_WARN_UNDECLARED_SELECTOR = YES;
				GCC_WARN_UNINITIALIZED_AUTOS = YES_AGGRESSIVE;
				GCC_WARN_UNUSED_FUNCTION = YES;
				GCC_WARN_UNUSED_VARIABLE = YES;
				MACOSX_DEPLOYMENT_TARGET = 10.11;
				MTL_ENABLE_DEBUG_INFO = YES;
				ONLY_ACTIVE_ARCH = YES;
				SDKROOT = macosx;
			};
			name = Debug;
		};
		839733B01C46DDE5000E29E1 /* Release */ = {
			isa = XCBuildConfiguration;
			buildSettings = {
				ALWAYS_SEARCH_USER_PATHS = NO;
				CLANG_CXX_LANGUAGE_STANDARD = "gnu++0x";
				CLANG_CXX_LIBRARY = "libc++";
				CLANG_ENABLE_MODULES = YES;
				CLANG_ENABLE_OBJC_ARC = YES;
				CLANG_WARN_BOOL_CONVERSION = YES;
				CLANG_WARN_CONSTANT_CONVERSION = YES;
				CLANG_WARN_DIRECT_OBJC_ISA_USAGE = YES_ERROR;
				CLANG_WARN_EMPTY_BODY = YES;
				CLANG_WARN_ENUM_CONVERSION = YES;
				CLANG_WARN_INFINITE_RECURSION = YES;
				CLANG_WARN_INT_CONVERSION = YES;
				CLANG_WARN_OBJC_ROOT_CLASS = YES_ERROR;
				CLANG_WARN_SUSPICIOUS_MOVE = YES;
				CLANG_WARN_UNREACHABLE_CODE = YES;
				CLANG_WARN__DUPLICATE_METHOD_MATCH = YES;
				CODE_SIGN_IDENTITY = "-";
				COPY_PHASE_STRIP = NO;
				DEBUG_INFORMATION_FORMAT = "dwarf-with-dsym";
				ENABLE_NS_ASSERTIONS = NO;
				ENABLE_STRICT_OBJC_MSGSEND = YES;
				GCC_C_LANGUAGE_STANDARD = gnu99;
				GCC_NO_COMMON_BLOCKS = YES;
				GCC_WARN_64_TO_32_BIT_CONVERSION = YES;
				GCC_WARN_ABOUT_RETURN_TYPE = YES_ERROR;
				GCC_WARN_UNDECLARED_SELECTOR = YES;
				GCC_WARN_UNINITIALIZED_AUTOS = YES_AGGRESSIVE;
				GCC_WARN_UNUSED_FUNCTION = YES;
				GCC_WARN_UNUSED_VARIABLE = YES;
				MACOSX_DEPLOYMENT_TARGET = 10.11;
				MTL_ENABLE_DEBUG_INFO = NO;
				SDKROOT = macosx;
			};
			name = Release;
		};
		839733B21C46DDE5000E29E1 /* Debug */ = {
			isa = XCBuildConfiguration;
			buildSettings = {
				CODE_SIGN_IDENTITY = "Mac Developer";
				COMBINE_HIDPI_IMAGES = YES;
				DEVELOPMENT_TEAM = 3RCW2SSL8G;
				INFOPLIST_FILE = "$(SRCROOT)/OS X/Info.plist";
				LD_RUNPATH_SEARCH_PATHS = "$(inherited) @executable_path/../Frameworks";
				PRODUCT_BUNDLE_IDENTIFIER = "com.example.apple-samplecode.MetalGameOfLife";
				PRODUCT_NAME = "$(TARGET_NAME)";
			};
			name = Debug;
		};
		839733B31C46DDE5000E29E1 /* Release */ = {
			isa = XCBuildConfiguration;
			buildSettings = {
				CODE_SIGN_IDENTITY = "Mac Developer";
				COMBINE_HIDPI_IMAGES = YES;
				DEVELOPMENT_TEAM = 3RCW2SSL8G;
				INFOPLIST_FILE = "$(SRCROOT)/OS X/Info.plist";
				LD_RUNPATH_SEARCH_PATHS = "$(inherited) @executable_path/../Frameworks";
				PRODUCT_BUNDLE_IDENTIFIER = "com.example.apple-samplecode.MetalGameOfLife";
				PRODUCT_NAME = "$(TARGET_NAME)";
			};
			name = Release;
		};
		83C74AB61C62CFA90088FED5 /* Debug */ = {
			isa = XCBuildConfiguration;
			buildSettings = {
				CODE_SIGN_IDENTITY = "iPhone Developer";
				"CODE_SIGN_IDENTITY[sdk=appletvos*]" = "iPhone Developer";
				COMBINE_HIDPI_IMAGES = YES;
				INFOPLIST_FILE = "$(SRCROOT)/tvOS/Info.plist";
				LD_RUNPATH_SEARCH_PATHS = "$(inherited) @executable_path/Frameworks";
				MTL_LANGUAGE_REVISION = Metal11;
				PRODUCT_BUNDLE_IDENTIFIER = "com.example.apple-samplecode.MetalGameOfLife";
				PRODUCT_NAME = "$(TARGET_NAME)";
				PROVISIONING_PROFILE = "";
				SDKROOT = appletvos;
				TARGETED_DEVICE_FAMILY = 3;
				TVOS_DEPLOYMENT_TARGET = 9.1;
			};
			name = Debug;
		};
		83C74AB71C62CFA90088FED5 /* Release */ = {
			isa = XCBuildConfiguration;
			buildSettings = {
				CODE_SIGN_IDENTITY = "iPhone Developer";
				"CODE_SIGN_IDENTITY[sdk=appletvos*]" = "iPhone Developer";
				COMBINE_HIDPI_IMAGES = YES;
				INFOPLIST_FILE = "$(SRCROOT)/tvOS/Info.plist";
				LD_RUNPATH_SEARCH_PATHS = "$(inherited) @executable_path/Frameworks";
				MTL_LANGUAGE_REVISION = Metal11;
				PRODUCT_BUNDLE_IDENTIFIER = "com.example.apple-samplecode.MetalGameOfLife";
				PRODUCT_NAME = "$(TARGET_NAME)";
				PROVISIONING_PROFILE = "";
				SDKROOT = appletvos;
				TARGETED_DEVICE_FAMILY = 3;
				TVOS_DEPLOYMENT_TARGET = 9.1;
				VALIDATE_PRODUCT = YES;
			};
			name = Release;
		};
/* End XCBuildConfiguration section */

/* Begin XCConfigurationList section */
		830CF8A01C470C970029F1FA /* Build configuration list for PBXNativeTarget "MetalGameOfLife iOS" */ = {
			isa = XCConfigurationList;
			buildConfigurations = (
				830CF89E1C470C970029F1FA /* Debug */,
				830CF89F1C470C970029F1FA /* Release */,
			);
			defaultConfigurationIsVisible = 0;
			defaultConfigurationName = Release;
		};
		839733951C46DDE4000E29E1 /* Build configuration list for PBXProject "MetalGameOfLife" */ = {
			isa = XCConfigurationList;
			buildConfigurations = (
				839733AF1C46DDE5000E29E1 /* Debug */,
				839733B01C46DDE5000E29E1 /* Release */,
			);
			defaultConfigurationIsVisible = 0;
			defaultConfigurationName = Release;
		};
		839733B11C46DDE5000E29E1 /* Build configuration list for PBXNativeTarget "MetalGameOfLife OSX" */ = {
			isa = XCConfigurationList;
			buildConfigurations = (
				839733B21C46DDE5000E29E1 /* Debug */,
				839733B31C46DDE5000E29E1 /* Release */,
			);
			defaultConfigurationIsVisible = 0;
			defaultConfigurationName = Release;
		};
		83C74AB81C62CFA90088FED5 /* Build configuration list for PBXNativeTarget "MetalGameOfLife tvOS" */ = {
			isa = XCConfigurationList;
			buildConfigurations = (
				83C74AB61C62CFA90088FED5 /* Debug */,
				83C74AB71C62CFA90088FED5 /* Release */,
			);
			defaultConfigurationIsVisible = 0;
			defaultConfigurationName = Release;
		};
/* End XCConfigurationList section */
	};
	rootObject = 839733921C46DDE4000E29E1 /* Project object */;
}
